
Microsoft Visual Studio Solution File, Format Version 12.00
# Visual Studio Version 17
VisualStudioVersion = 17.9.34728.123
MinimumVisualStudioVersion = 10.0.40219.1
Project("{FAE04EC0-301F-11D3-BF4B-00C04F79EFBC}") = "OgrenciProgramı", "OgrenciProgramı\OgrenciProgramı.csproj", "{956429A7-ECD1-4F21-88A8-072F38395A4B}"
EndProject
Global
	GlobalSection(SolutionConfigurationPlatforms) = preSolution
		Debug|Any CPU = Debug|Any CPU
		Release|Any CPU = Release|Any CPU
	EndGlobalSection
	GlobalSection(ProjectConfigurationPlatforms) = postSolution
		{956429A7-ECD1-4F21-88A8-072F38395A4B}.Debug|Any CPU.ActiveCfg = Debug|Any CPU
		{956429A7-ECD1-4F21-88A8-072F38395A4B}.Debug|Any CPU.Build.0 = Debug|Any CPU
		{956429A7-ECD1-4F21-88A8-072F38395A4B}.Release|Any CPU.ActiveCfg = Release|Any CPU
		{956429A7-ECD1-4F21-88A8-072F38395A4B}.Release|Any CPU.Build.0 = Release|Any CPU
	EndGlobalSection
	GlobalSection(SolutionProperties) = preSolution
		HideSolutionNode = FALSE
	EndGlobalSection
	GlobalSection(ExtensibilityGlobals) = postSolution
		SolutionGuid = {BCFAB28C-2917-40ED-B126-928BE58A2158}
	EndGlobalSection
EndGlobal
